// !$*UTF8*$!
{
	archiveVersion = 1;
	classes = {
	};
	objectVersion = 55;
	objects = {

/* Begin PBXBuildFile section */
		BB6EBC8828A9DEFA005F16BB /* AppDelegate.swift in Sources */ = {isa = PBXBuildFile; fileRef = BB6EBC8728A9DEFA005F16BB /* AppDelegate.swift */; };
		BB6EBC8A28A9DEFA005F16BB /* SceneDelegate.swift in Sources */ = {isa = PBXBuildFile; fileRef = BB6EBC8928A9DEFA005F16BB /* SceneDelegate.swift */; };
		BB6EBC8C28A9DEFA005F16BB /* ViewController.swift in Sources */ = {isa = PBXBuildFile; fileRef = BB6EBC8B28A9DEFA005F16BB /* ViewController.swift */; };
		BB6EBC8F28A9DEFA005F16BB /* Main.storyboard in Resources */ = {isa = PBXBuildFile; fileRef = BB6EBC8D28A9DEFA005F16BB /* Main.storyboard */; };
		BB6EBC9128A9DEFF005F16BB /* Assets.xcassets in Resources */ = {isa = PBXBuildFile; fileRef = BB6EBC9028A9DEFF005F16BB /* Assets.xcassets */; };
		BB6EBC9428A9DEFF005F16BB /* LaunchScreen.storyboard in Resources */ = {isa = PBXBuildFile; fileRef = BB6EBC9228A9DEFF005F16BB /* LaunchScreen.storyboard */; };
		BB6EBC9F28A9DF00005F16BB /* PreworkTests.swift in Sources */ = {isa = PBXBuildFile; fileRef = BB6EBC9E28A9DF00005F16BB /* PreworkTests.swift */; };
		BB6EBCA928A9DF00005F16BB /* PreworkUITests.swift in Sources */ = {isa = PBXBuildFile; fileRef = BB6EBCA828A9DF00005F16BB /* PreworkUITests.swift */; };
		BB6EBCAB28A9DF00005F16BB /* PreworkUITestsLaunchTests.swift in Sources */ = {isa = PBXBuildFile; fileRef = BB6EBCAA28A9DF00005F16BB /* PreworkUITestsLaunchTests.swift */; };
/* End PBXBuildFile section */

/* Begin PBXContainerItemProxy section */
		BB6EBC9B28A9DF00005F16BB /* PBXContainerItemProxy */ = {
			isa = PBXContainerItemProxy;
			containerPortal = BB6EBC7C28A9DEFA005F16BB /* Project object */;
			proxyType = 1;
			remoteGlobalIDString = BB6EBC8328A9DEFA005F16BB;
			remoteInfo = Prework;
		};
		BB6EBCA528A9DF00005F16BB /* PBXContainerItemProxy */ = {
			isa = PBXContainerItemProxy;
			containerPortal = BB6EBC7C28A9DEFA005F16BB /* Project object */;
			proxyType = 1;
			remoteGlobalIDString = BB6EBC8328A9DEFA005F16BB;
			remoteInfo = Prework;
		};
/* End PBXContainerItemProxy section */

/* Begin PBXFileReference section */
		BB6EBC8428A9DEFA005F16BB /* Prework.app */ = {isa = PBXFileReference; explicitFileType = wrapper.application; includeInIndex = 0; path = Prework.app; sourceTree = BUILT_PRODUCTS_DIR; };
		BB6EBC8728A9DEFA005F16BB /* AppDelegate.swift */ = {isa = PBXFileReference; lastKnownFileType = sourcecode.swift; path = AppDelegate.swift; sourceTree = "<group>"; };
		BB6EBC8928A9DEFA005F16BB /* SceneDelegate.swift */ = {isa = PBXFileReference; lastKnownFileType = sourcecode.swift; path = SceneDelegate.swift; sourceTree = "<group>"; };
		BB6EBC8B28A9DEFA005F16BB /* ViewController.swift */ = {isa = PBXFileReference; lastKnownFileType = sourcecode.swift; path = ViewController.swift; sourceTree = "<group>"; };
		BB6EBC8E28A9DEFA005F16BB /* Base */ = {isa = PBXFileReference; lastKnownFileType = file.storyboard; name = Base; path = Base.lproj/Main.storyboard; sourceTree = "<group>"; };
		BB6EBC9028A9DEFF005F16BB /* Assets.xcassets */ = {isa = PBXFileReference; lastKnownFileType = folder.assetcatalog; path = Assets.xcassets; sourceTree = "<group>"; };
		BB6EBC9328A9DEFF005F16BB /* Base */ = {isa = PBXFileReference; lastKnownFileType = file.storyboard; name = Base; path = Base.lproj/LaunchScreen.storyboard; sourceTree = "<group>"; };
		BB6EBC9528A9DEFF005F16BB /* Info.plist */ = {isa = PBXFileReference; lastKnownFileType = text.plist.xml; path = Info.plist; sourceTree = "<group>"; };
		BB6EBC9A28A9DF00005F16BB /* PreworkTests.xctest */ = {isa = PBXFileReference; explicitFileType = wrapper.cfbundle; includeInIndex = 0; path = PreworkTests.xctest; sourceTree = BUILT_PRODUCTS_DIR; };
		BB6EBC9E28A9DF00005F16BB /* PreworkTests.swift */ = {isa = PBXFileReference; lastKnownFileType = sourcecode.swift; path = PreworkTests.swift; sourceTree = "<group>"; };
		BB6EBCA428A9DF00005F16BB /* PreworkUITests.xctest */ = {isa = PBXFileReference; explicitFileType = wrapper.cfbundle; includeInIndex = 0; path = PreworkUITests.xctest; sourceTree = BUILT_PRODUCTS_DIR; };
		BB6EBCA828A9DF00005F16BB /* PreworkUITests.swift */ = {isa = PBXFileReference; lastKnownFileType = sourcecode.swift; path = PreworkUITests.swift; sourceTree = "<group>"; };
		BB6EBCAA28A9DF00005F16BB /* PreworkUITestsLaunchTests.swift */ = {isa = PBXFileReference; lastKnownFileType = sourcecode.swift; path = PreworkUITestsLaunchTests.swift; sourceTree = "<group>"; };
/* End PBXFileReference section */

/* Begin PBXFrameworksBuildPhase section */
		BB6EBC8128A9DEFA005F16BB /* Frameworks */ = {
			isa = PBXFrameworksBuildPhase;
			buildActionMask = 2147483647;
			files = (
			);
			runOnlyForDeploymentPostprocessing = 0;
		};
		BB6EBC9728A9DF00005F16BB /* Frameworks */ = {
			isa = PBXFrameworksBuildPhase;
			buildActionMask = 2147483647;
			files = (
			);
			runOnlyForDeploymentPostprocessing = 0;
		};
		BB6EBCA128A9DF00005F16BB /* Frameworks */ = {
			isa = PBXFrameworksBuildPhase;
			buildActionMask = 2147483647;
			files = (
			);
			runOnlyForDeploymentPostprocessing = 0;
		};
/* End PBXFrameworksBuildPhase section */

/* Begin PBXGroup section */
		BB6EBC7B28A9DEFA005F16BB = {
			isa = PBXGroup;
			children = (
				BB6EBC8628A9DEFA005F16BB /* Prework */,
				BB6EBC9D28A9DF00005F16BB /* PreworkTests */,
				BB6EBCA728A9DF00005F16BB /* PreworkUITests */,
				BB6EBC8528A9DEFA005F16BB /* Products */,
			);
			sourceTree = "<group>";
		};
		BB6EBC8528A9DEFA005F16BB /* Products */ = {
			isa = PBXGroup;
			children = (
				BB6EBC8428A9DEFA005F16BB /* Prework.app */,
				BB6EBC9A28A9DF00005F16BB /* PreworkTests.xctest */,
				BB6EBCA428A9DF00005F16BB /* PreworkUITests.xctest */,
			);
			name = Products;
			sourceTree = "<group>";
		};
		BB6EBC8628A9DEFA005F16BB /* Prework */ = {
			isa = PBXGroup;
			children = (
				BB6EBC8728A9DEFA005F16BB /* AppDelegate.swift */,
				BB6EBC8928A9DEFA005F16BB /* SceneDelegate.swift */,
				BB6EBC8B28A9DEFA005F16BB /* ViewController.swift */,
				BB6EBC8D28A9DEFA005F16BB /* Main.storyboard */,
				BB6EBC9028A9DEFF005F16BB /* Assets.xcassets */,
				BB6EBC9228A9DEFF005F16BB /* LaunchScreen.storyboard */,
				BB6EBC9528A9DEFF005F16BB /* Info.plist */,
			);
			path = Prework;
			sourceTree = "<group>";
		};
		BB6EBC9D28A9DF00005F16BB /* PreworkTests */ = {
			isa = PBXGroup;
			children = (
				BB6EBC9E28A9DF00005F16BB /* PreworkTests.swift */,
			);
			path = PreworkTests;
			sourceTree = "<group>";
		};
		BB6EBCA728A9DF00005F16BB /* PreworkUITests */ = {
			isa = PBXGroup;
			children = (
				BB6EBCA828A9DF00005F16BB /* PreworkUITests.swift */,
				BB6EBCAA28A9DF00005F16BB /* PreworkUITestsLaunchTests.swift */,
			);
			path = PreworkUITests;
			sourceTree = "<group>";
		};
/* End PBXGroup section */

/* Begin PBXNativeTarget section */
		BB6EBC8328A9DEFA005F16BB /* Prework */ = {
			isa = PBXNativeTarget;
			buildConfigurationList = BB6EBCAE28A9DF00005F16BB /* Build configuration list for PBXNativeTarget "Prework" */;
			buildPhases = (
				BB6EBC8028A9DEFA005F16BB /* Sources */,
				BB6EBC8128A9DEFA005F16BB /* Frameworks */,
				BB6EBC8228A9DEFA005F16BB /* Resources */,
			);
			buildRules = (
			);
			dependencies = (
			);
			name = Prework;
			productName = Prework;
			productReference = BB6EBC8428A9DEFA005F16BB /* Prework.app */;
			productType = "com.apple.product-type.application";
		};
		BB6EBC9928A9DF00005F16BB /* PreworkTests */ = {
			isa = PBXNativeTarget;
			buildConfigurationList = BB6EBCB128A9DF00005F16BB /* Build configuration list for PBXNativeTarget "PreworkTests" */;
			buildPhases = (
				BB6EBC9628A9DF00005F16BB /* Sources */,
				BB6EBC9728A9DF00005F16BB /* Frameworks */,
				BB6EBC9828A9DF00005F16BB /* Resources */,
			);
			buildRules = (
			);
			dependencies = (
				BB6EBC9C28A9DF00005F16BB /* PBXTargetDependency */,
			);
			name = PreworkTests;
			productName = PreworkTests;
			productReference = BB6EBC9A28A9DF00005F16BB /* PreworkTests.xctest */;
			productType = "com.apple.product-type.bundle.unit-test";
		};
		BB6EBCA328A9DF00005F16BB /* PreworkUITests */ = {
			isa = PBXNativeTarget;
			buildConfigurationList = BB6EBCB428A9DF00005F16BB /* Build configuration list for PBXNativeTarget "PreworkUITests" */;
			buildPhases = (
				BB6EBCA028A9DF00005F16BB /* Sources */,
				BB6EBCA128A9DF00005F16BB /* Frameworks */,
				BB6EBCA228A9DF00005F16BB /* Resources */,
			);
			buildRules = (
			);
			dependencies = (
				BB6EBCA628A9DF00005F16BB /* PBXTargetDependency */,
			);
			name = PreworkUITests;
			productName = PreworkUITests;
			productReference = BB6EBCA428A9DF00005F16BB /* PreworkUITests.xctest */;
			productType = "com.apple.product-type.bundle.ui-testing";
		};
/* End PBXNativeTarget section */

/* Begin PBXProject section */
		BB6EBC7C28A9DEFA005F16BB /* Project object */ = {
			isa = PBXProject;
			attributes = {
				BuildIndependentTargetsInParallel = 1;
				LastSwiftUpdateCheck = 1340;
				LastUpgradeCheck = 1340;
				TargetAttributes = {
					BB6EBC8328A9DEFA005F16BB = {
						CreatedOnToolsVersion = 13.4.1;
					};
					BB6EBC9928A9DF00005F16BB = {
						CreatedOnToolsVersion = 13.4.1;
						TestTargetID = BB6EBC8328A9DEFA005F16BB;
					};
					BB6EBCA328A9DF00005F16BB = {
						CreatedOnToolsVersion = 13.4.1;
						TestTargetID = BB6EBC8328A9DEFA005F16BB;
					};
				};
			};
			buildConfigurationList = BB6EBC7F28A9DEFA005F16BB /* Build configuration list for PBXProject "Prework" */;
			compatibilityVersion = "Xcode 13.0";
			developmentRegion = en;
			hasScannedForEncodings = 0;
			knownRegions = (
				en,
				Base,
			);
			mainGroup = BB6EBC7B28A9DEFA005F16BB;
			productRefGroup = BB6EBC8528A9DEFA005F16BB /* Products */;
			projectDirPath = "";
			projectRoot = "";
			targets = (
				BB6EBC8328A9DEFA005F16BB /* Prework */,
				BB6EBC9928A9DF00005F16BB /* PreworkTests */,
				BB6EBCA328A9DF00005F16BB /* PreworkUITests */,
			);
		};
/* End PBXProject section */

/* Begin PBXResourcesBuildPhase section */
		BB6EBC8228A9DEFA005F16BB /* Resources */ = {
			isa = PBXResourcesBuildPhase;
			buildActionMask = 2147483647;
			files = (
				BB6EBC9428A9DEFF005F16BB /* LaunchScreen.storyboard in Resources */,
				BB6EBC9128A9DEFF005F16BB /* Assets.xcassets in Resources */,
				BB6EBC8F28A9DEFA005F16BB /* Main.storyboard in Resources */,
			);
			runOnlyForDeploymentPostprocessing = 0;
		};
		BB6EBC9828A9DF00005F16BB /* Resources */ = {
			isa = PBXResourcesBuildPhase;
			buildActionMask = 2147483647;
			files = (
			);
			runOnlyForDeploymentPostprocessing = 0;
		};
		BB6EBCA228A9DF00005F16BB /* Resources */ = {
			isa = PBXResourcesBuildPhase;
			buildActionMask = 2147483647;
			files = (
			);
			runOnlyForDeploymentPostprocessing = 0;
		};
/* End PBXResourcesBuildPhase section */

/* Begin PBXSourcesBuildPhase section */
		BB6EBC8028A9DEFA005F16BB /* Sources */ = {
			isa = PBXSourcesBuildPhase;
			buildActionMask = 2147483647;
			files = (
				BB6EBC8C28A9DEFA005F16BB /* ViewController.swift in Sources */,
				BB6EBC8828A9DEFA005F16BB /* AppDelegate.swift in Sources */,
				BB6EBC8A28A9DEFA005F16BB /* SceneDelegate.swift in Sources */,
			);
			runOnlyForDeploymentPostprocessing = 0;
		};
		BB6EBC9628A9DF00005F16BB /* Sources */ = {
			isa = PBXSourcesBuildPhase;
			buildActionMask = 2147483647;
			files = (
				BB6EBC9F28A9DF00005F16BB /* PreworkTests.swift in Sources */,
			);
			runOnlyForDeploymentPostprocessing = 0;
		};
		BB6EBCA028A9DF00005F16BB /* Sources */ = {
			isa = PBXSourcesBuildPhase;
			buildActionMask = 2147483647;
			files = (
				BB6EBCA928A9DF00005F16BB /* PreworkUITests.swift in Sources */,
				BB6EBCAB28A9DF00005F16BB /* PreworkUITestsLaunchTests.swift in Sources */,
			);
			runOnlyForDeploymentPostprocessing = 0;
		};
/* End PBXSourcesBuildPhase section */

/* Begin PBXTargetDependency section */
		BB6EBC9C28A9DF00005F16BB /* PBXTargetDependency */ = {
			isa = PBXTargetDependency;
			target = BB6EBC8328A9DEFA005F16BB /* Prework */;
			targetProxy = BB6EBC9B28A9DF00005F16BB /* PBXContainerItemProxy */;
		};
		BB6EBCA628A9DF00005F16BB /* PBXTargetDependency */ = {
			isa = PBXTargetDependency;
			target = BB6EBC8328A9DEFA005F16BB /* Prework */;
			targetProxy = BB6EBCA528A9DF00005F16BB /* PBXContainerItemProxy */;
		};
/* End PBXTargetDependency section */

/* Begin PBXVariantGroup section */
		BB6EBC8D28A9DEFA005F16BB /* Main.storyboard */ = {
			isa = PBXVariantGroup;
			children = (
				BB6EBC8E28A9DEFA005F16BB /* Base */,
			);
			name = Main.storyboard;
			sourceTree = "<group>";
		};
		BB6EBC9228A9DEFF005F16BB /* LaunchScreen.storyboard */ = {
			isa = PBXVariantGroup;
			children = (
				BB6EBC9328A9DEFF005F16BB /* Base */,
			);
			name = LaunchScreen.storyboard;
			sourceTree = "<group>";
		};
/* End PBXVariantGroup section */

/* Begin XCBuildConfiguration section */
		BB6EBCAC28A9DF00005F16BB /* Debug */ = {
			isa = XCBuildConfiguration;
			buildSettings = {
				ALWAYS_SEARCH_USER_PATHS = NO;
				CLANG_ANALYZER_NONNULL = YES;
				CLANG_ANALYZER_NUMBER_OBJECT_CONVERSION = YES_AGGRESSIVE;
				CLANG_CXX_LANGUAGE_STANDARD = "gnu++17";
				CLANG_ENABLE_MODULES = YES;
				CLANG_ENABLE_OBJC_ARC = YES;
				CLANG_ENABLE_OBJC_WEAK = YES;
				CLANG_WARN_BLOCK_CAPTURE_AUTORELEASING = YES;
				CLANG_WARN_BOOL_CONVERSION = YES;
				CLANG_WARN_COMMA = YES;
				CLANG_WARN_CONSTANT_CONVERSION = YES;
				CLANG_WARN_DEPRECATED_OBJC_IMPLEMENTATIONS = YES;
				CLANG_WARN_DIRECT_OBJC_ISA_USAGE = YES_ERROR;
				CLANG_WARN_DOCUMENTATION_COMMENTS = YES;
				CLANG_WARN_EMPTY_BODY = YES;
				CLANG_WARN_ENUM_CONVERSION = YES;
				CLANG_WARN_INFINITE_RECURSION = YES;
				CLANG_WARN_INT_CONVERSION = YES;
				CLANG_WARN_NON_LITERAL_NULL_CONVERSION = YES;
				CLANG_WARN_OBJC_IMPLICIT_RETAIN_SELF = YES;
				CLANG_WARN_OBJC_LITERAL_CONVERSION = YES;
				CLANG_WARN_OBJC_ROOT_CLASS = YES_ERROR;
				CLANG_WARN_QUOTED_INCLUDE_IN_FRAMEWORK_HEADER = YES;
				CLANG_WARN_RANGE_LOOP_ANALYSIS = YES;
				CLANG_WARN_STRICT_PROTOTYPES = YES;
				CLANG_WARN_SUSPICIOUS_MOVE = YES;
				CLANG_WARN_UNGUARDED_AVAILABILITY = YES_AGGRESSIVE;
				CLANG_WARN_UNREACHABLE_CODE = YES;
				CLANG_WARN__DUPLICATE_METHOD_MATCH = YES;
				COPY_PHASE_STRIP = NO;
				DEBUG_INFORMATION_FORMAT = dwarf;
				ENABLE_STRICT_OBJC_MSGSEND = YES;
				ENABLE_TESTABILITY = YES;
				GCC_C_LANGUAGE_STANDARD = gnu11;
				GCC_DYNAMIC_NO_PIC = NO;
				GCC_NO_COMMON_BLOCKS = YES;
				GCC_OPTIMIZATION_LEVEL = 0;
				GCC_PREPROCESSOR_DEFINITIONS = (
					"DEBUG=1",
					"$(inherited)",
				);
				GCC_WARN_64_TO_32_BIT_CONVERSION = YES;
				GCC_WARN_ABOUT_RETURN_TYPE = YES_ERROR;
				GCC_WARN_UNDECLARED_SELECTOR = YES;
				GCC_WARN_UNINITIALIZED_AUTOS = YES_AGGRESSIVE;
				GCC_WARN_UNUSED_FUNCTION = YES;
				GCC_WARN_UNUSED_VARIABLE = YES;
				IPHONEOS_DEPLOYMENT_TARGET = 15.5;
				MTL_ENABLE_DEBUG_INFO = INCLUDE_SOURCE;
				MTL_FAST_MATH = YES;
				ONLY_ACTIVE_ARCH = YES;
				SDKROOT = iphoneos;
				SWIFT_ACTIVE_COMPILATION_CONDITIONS = DEBUG;
				SWIFT_OPTIMIZATION_LEVEL = "-Onone";
			};
			name = Debug;
		};
		BB6EBCAD28A9DF00005F16BB /* Release */ = {
			isa = XCBuildConfiguration;
			buildSettings = {
				ALWAYS_SEARCH_USER_PATHS = NO;
				CLANG_ANALYZER_NONNULL = YES;
				CLANG_ANALYZER_NUMBER_OBJECT_CONVERSION = YES_AGGRESSIVE;
				CLANG_CXX_LANGUAGE_STANDARD = "gnu++17";
				CLANG_ENABLE_MODULES = YES;
				CLANG_ENABLE_OBJC_ARC = YES;
				CLANG_ENABLE_OBJC_WEAK = YES;
				CLANG_WARN_BLOCK_CAPTURE_AUTORELEASING = YES;
				CLANG_WARN_BOOL_CONVERSION = YES;
				CLANG_WARN_COMMA = YES;
				CLANG_WARN_CONSTANT_CONVERSION = YES;
				CLANG_WARN_DEPRECATED_OBJC_IMPLEMENTATIONS = YES;
				CLANG_WARN_DIRECT_OBJC_ISA_USAGE = YES_ERROR;
				CLANG_WARN_DOCUMENTATION_COMMENTS = YES;
				CLANG_WARN_EMPTY_BODY = YES;
				CLANG_WARN_ENUM_CONVERSION = YES;
				CLANG_WARN_INFINITE_RECURSION = YES;
				CLANG_WARN_INT_CONVERSION = YES;
				CLANG_WARN_NON_LITERAL_NULL_CONVERSION = YES;
				CLANG_WARN_OBJC_IMPLICIT_RETAIN_SELF = YES;
				CLANG_WARN_OBJC_LITERAL_CONVERSION = YES;
				CLANG_WARN_OBJC_ROOT_CLASS = YES_ERROR;
				CLANG_WARN_QUOTED_INCLUDE_IN_FRAMEWORK_HEADER = YES;
				CLANG_WARN_RANGE_LOOP_ANALYSIS = YES;
				CLANG_WARN_STRICT_PROTOTYPES = YES;
				CLANG_WARN_SUSPICIOUS_MOVE = YES;
				CLANG_WARN_UNGUARDED_AVAILABILITY = YES_AGGRESSIVE;
				CLANG_WARN_UNREACHABLE_CODE = YES;
				CLANG_WARN__DUPLICATE_METHOD_MATCH = YES;
				COPY_PHASE_STRIP = NO;
				DEBUG_INFORMATION_FORMAT = "dwarf-with-dsym";
				ENABLE_NS_ASSERTIONS = NO;
				ENABLE_STRICT_OBJC_MSGSEND = YES;
				GCC_C_LANGUAGE_STANDARD = gnu11;
				GCC_NO_COMMON_BLOCKS = YES;
				GCC_WARN_64_TO_32_BIT_CONVERSION = YES;
				GCC_WARN_ABOUT_RETURN_TYPE = YES_ERROR;
				GCC_WARN_UNDECLARED_SELECTOR = YES;
				GCC_WARN_UNINITIALIZED_AUTOS = YES_AGGRESSIVE;
				GCC_WARN_UNUSED_FUNCTION = YES;
				GCC_WARN_UNUSED_VARIABLE = YES;
				IPHONEOS_DEPLOYMENT_TARGET = 15.5;
				MTL_ENABLE_DEBUG_INFO = NO;
				MTL_FAST_MATH = YES;
				SDKROOT = iphoneos;
				SWIFT_COMPILATION_MODE = wholemodule;
				SWIFT_OPTIMIZATION_LEVEL = "-O";
				VALIDATE_PRODUCT = YES;
			};
			name = Release;
		};
		BB6EBCAF28A9DF00005F16BB /* Debug */ = {
			isa = XCBuildConfiguration;
			buildSettings = {
				ASSETCATALOG_COMPILER_APPICON_NAME = AppIcon;
				ASSETCATALOG_COMPILER_GLOBAL_ACCENT_COLOR_NAME = AccentColor;
				CODE_SIGN_STYLE = Automatic;
				CURRENT_PROJECT_VERSION = 1;
				GENERATE_INFOPLIST_FILE = YES;
				INFOPLIST_FILE = Prework/Info.plist;
				INFOPLIST_KEY_UIApplicationSupportsIndirectInputEvents = YES;
				INFOPLIST_KEY_UILaunchStoryboardName = LaunchScreen;
				INFOPLIST_KEY_UIMainStoryboardFile = Main;
				INFOPLIST_KEY_UISupportedInterfaceOrientations_iPad = "UIInterfaceOrientationPortrait UIInterfaceOrientationPortraitUpsideDown UIInterfaceOrientationLandscapeLeft UIInterfaceOrientationLandscapeRight";
				INFOPLIST_KEY_UISupportedInterfaceOrientations_iPhone = "UIInterfaceOrientationPortrait UIInterfaceOrientationLandscapeLeft UIInterfaceOrientationLandscapeRight";
				LD_RUNPATH_SEARCH_PATHS = (
					"$(inherited)",
					"@executable_path/Frameworks",
				);
				MARKETING_VERSION = 1.0;
				PRODUCT_BUNDLE_IDENTIFIER = com.example.Prework;
				PRODUCT_NAME = "$(TARGET_NAME)";
				SWIFT_EMIT_LOC_STRINGS = YES;
				SWIFT_VERSION = 5.0;
				TARGETED_DEVICE_FAMILY = "1,2";
			};
			name = Debug;
		};
		BB6EBCB028A9DF00005F16BB /* Release */ = {
			isa = XCBuildConfiguration;
			buildSettings = {
				ASSETCATALOG_COMPILER_APPICON_NAME = AppIcon;
				ASSETCATALOG_COMPILER_GLOBAL_ACCENT_COLOR_NAME = AccentColor;
				CODE_SIGN_STYLE = Automatic;
				CURRENT_PROJECT_VERSION = 1;
				GENERATE_INFOPLIST_FILE = YES;
				INFOPLIST_FILE = Prework/Info.plist;
				INFOPLIST_KEY_UIApplicationSupportsIndirectInputEvents = YES;
				INFOPLIST_KEY_UILaunchStoryboardName = LaunchScreen;
				INFOPLIST_KEY_UIMainStoryboardFile = Main;
				INFOPLIST_KEY_UISupportedInterfaceOrientations_iPad = "UIInterfaceOrientationPortrait UIInterfaceOrientationPortraitUpsideDown UIInterfaceOrientationLandscapeLeft UIInterfaceOrientationLandscapeRight";
				INFOPLIST_KEY_UISupportedInterfaceOrientations_iPhone = "UIInterfaceOrientationPortrait UIInterfaceOrientationLandscapeLeft UIInterfaceOrientationLandscapeRight";
				LD_RUNPATH_SEARCH_PATHS = (
					"$(inherited)",
					"@executable_path/Frameworks",
				);
				MARKETING_VERSION = 1.0;
				PRODUCT_BUNDLE_IDENTIFIER = com.example.Prework;
				PRODUCT_NAME = "$(TARGET_NAME)";
				SWIFT_EMIT_LOC_STRINGS = YES;
				SWIFT_VERSION = 5.0;
				TARGETED_DEVICE_FAMILY = "1,2";
			};
			name = Release;
		};
		BB6EBCB228A9DF00005F16BB /* Debug */ = {
			isa = XCBuildConfiguration;
			buildSettings = {
				ALWAYS_EMBED_SWIFT_STANDARD_LIBRARIES = YES;
				BUNDLE_LOADER = "$(TEST_HOST)";
				CODE_SIGN_STYLE = Automatic;
				CURRENT_PROJECT_VERSION = 1;
				GENERATE_INFOPLIST_FILE = YES;
				IPHONEOS_DEPLOYMENT_TARGET = 15.5;
				MARKETING_VERSION = 1.0;
				PRODUCT_BUNDLE_IDENTIFIER = com.example.PreworkTests;
				PRODUCT_NAME = "$(TARGET_NAME)";
				SWIFT_EMIT_LOC_STRINGS = NO;
				SWIFT_VERSION = 5.0;
				TARGETED_DEVICE_FAMILY = "1,2";
				TEST_HOST = "$(BUILT_PRODUCTS_DIR)/Prework.app/Prework";
			};
			name = Debug;
		};
		BB6EBCB328A9DF00005F16BB /* Release */ = {
			isa = XCBuildConfiguration;
			buildSettings = {
				ALWAYS_EMBED_SWIFT_STANDARD_LIBRARIES = YES;
				BUNDLE_LOADER = "$(TEST_HOST)";
				CODE_SIGN_STYLE = Automatic;
				CURRENT_PROJECT_VERSION = 1;
				GENERATE_INFOPLIST_FILE = YES;
				IPHONEOS_DEPLOYMENT_TARGET = 15.5;
				MARKETING_VERSION = 1.0;
				PRODUCT_BUNDLE_IDENTIFIER = com.example.PreworkTests;
				PRODUCT_NAME = "$(TARGET_NAME)";
				SWIFT_EMIT_LOC_STRINGS = NO;
				SWIFT_VERSION = 5.0;
				TARGETED_DEVICE_FAMILY = "1,2";
				TEST_HOST = "$(BUILT_PRODUCTS_DIR)/Prework.app/Prework";
			};
			name = Release;
		};
		BB6EBCB528A9DF00005F16BB /* Debug */ = {
			isa = XCBuildConfiguration;
			buildSettings = {
				ALWAYS_EMBED_SWIFT_STANDARD_LIBRARIES = YES;
				CODE_SIGN_STYLE = Automatic;
				CURRENT_PROJECT_VERSION = 1;
				GENERATE_INFOPLIST_FILE = YES;
				MARKETING_VERSION = 1.0;
				PRODUCT_BUNDLE_IDENTIFIER = com.example.PreworkUITests;
				PRODUCT_NAME = "$(TARGET_NAME)";
				SWIFT_EMIT_LOC_STRINGS = NO;
				SWIFT_VERSION = 5.0;
				TARGETED_DEVICE_FAMILY = "1,2";
				TEST_TARGET_NAME = Prework;
			};
			name = Debug;
		};
		BB6EBCB628A9DF00005F16BB /* Release */ = {
			isa = XCBuildConfiguration;
			buildSettings = {
				ALWAYS_EMBED_SWIFT_STANDARD_LIBRARIES = YES;
				CODE_SIGN_STYLE = Automatic;
				CURRENT_PROJECT_VERSION = 1;
				GENERATE_INFOPLIST_FILE = YES;
				MARKETING_VERSION = 1.0;
				PRODUCT_BUNDLE_IDENTIFIER = com.example.PreworkUITests;
				PRODUCT_NAME = "$(TARGET_NAME)";
				SWIFT_EMIT_LOC_STRINGS = NO;
				SWIFT_VERSION = 5.0;
				TARGETED_DEVICE_FAMILY = "1,2";
				TEST_TARGET_NAME = Prework;
			};
			name = Release;
		};
/* End XCBuildConfiguration section */

/* Begin XCConfigurationList section */
		BB6EBC7F28A9DEFA005F16BB /* Build configuration list for PBXProject "Prework" */ = {
			isa = XCConfigurationList;
			buildConfigurations = (
				BB6EBCAC28A9DF00005F16BB /* Debug */,
				BB6EBCAD28A9DF00005F16BB /* Release */,
			);
			defaultConfigurationIsVisible = 0;
			defaultConfigurationName = Release;
		};
		BB6EBCAE28A9DF00005F16BB /* Build configuration list for PBXNativeTarget "Prework" */ = {
			isa = XCConfigurationList;
			buildConfigurations = (
				BB6EBCAF28A9DF00005F16BB /* Debug */,
				BB6EBCB028A9DF00005F16BB /* Release */,
			);
			defaultConfigurationIsVisible = 0;
			defaultConfigurationName = Release;
		};
		BB6EBCB128A9DF00005F16BB /* Build configuration list for PBXNativeTarget "PreworkTests" */ = {
			isa = XCConfigurationList;
			buildConfigurations = (
				BB6EBCB228A9DF00005F16BB /* Debug */,
				BB6EBCB328A9DF00005F16BB /* Release */,
			);
			defaultConfigurationIsVisible = 0;
			defaultConfigurationName = Release;
		};
		BB6EBCB428A9DF00005F16BB /* Build configuration list for PBXNativeTarget "PreworkUITests" */ = {
			isa = XCConfigurationList;
			buildConfigurations = (
				BB6EBCB528A9DF00005F16BB /* Debug */,
				BB6EBCB628A9DF00005F16BB /* Release */,
			);
			defaultConfigurationIsVisible = 0;
			defaultConfigurationName = Release;
		};
/* End XCConfigurationList section */
	};
	rootObject = BB6EBC7C28A9DEFA005F16BB /* Project object */;
}
